version = 1
revision = 3
requires-python = ">=3.12"

[[package]]
name = "opendataloader-pdf"
version = "2.5.5"
source = { registry = "https://pypi.org/simple" }
sdist = { url = "https://files.pythonhosted.org/packages/14/a9/a4efdee1ef5543d6f247e42589e39f2e4a3aa625b6d9812d21e161f8e4b7/opendataloader_pdf-2.5.5.tar.gz", hash = "sha256:936fe60ad4145af4e7414f94a6084032e247821e4772450040e1da40dae8ed7f", size = 22589447, upload-time = "2026-08-25T11:15:36.265Z" }
wheels = [
    { url = "https://files.pythonhosted.org/packages/1c/27/a801925bab1b3eb27932773a1499446bc098ba7bd6228234155c0424a64c/opendataloader_pdf-2.5.5-py3-none-any.whl", hash = "sha256:451072940b3032e0c16c747c431c535d1a079b5a046ce1791da870f2c9c699b4", size = 22602967, upload-time = "2026-08-25T11:15:33.665Z" },
]

[[package]]
name = "scientific-research-copilot"
version = "0.1.0"
source = { virtual = "." }
dependencies = [
    { name = "opendataloader-pdf" },
]

[package.metadata]
requires-dist = [{ name = "opendataloader-pdf", specifier = ">=2.5.5" }]
